
Microsoft Visual Studio Solution File, Format Version 12.00
# Visual Studio Version 17
VisualStudioVersion = 17.1.32328.378
MinimumVisualStudioVersion = 10.0.40219.1
Project("{FAE04EC0-301F-11D3-BF4B-00C04F79EFBC}") = "ProjetoFinalRoupas", "ProjetoFinalRoupas\ProjetoFinalRoupas.csproj", "{6B77982C-0514-4F49-9CD7-6F6275C4EA58}"
EndProject
Global
	GlobalSection(SolutionConfigurationPlatforms) = preSolution
		Debug|Any CPU = Debug|Any CPU
		Release|Any CPU = Release|Any CPU
	EndGlobalSection
	GlobalSection(ProjectConfigurationPlatforms) = postSolution
		{6B77982C-0514-4F49-9CD7-6F6275C4EA58}.Debug|Any CPU.ActiveCfg = Debug|Any CPU
		{6B77982C-0514-4F49-9CD7-6F6275C4EA58}.Debug|Any CPU.Build.0 = Debug|Any CPU
		{6B77982C-0514-4F49-9CD7-6F6275C4EA58}.Release|Any CPU.ActiveCfg = Release|Any CPU
		{6B77982C-0514-4F49-9CD7-6F6275C4EA58}.Release|Any CPU.Build.0 = Release|Any CPU
	EndGlobalSection
	GlobalSection(SolutionProperties) = preSolution
		HideSolutionNode = FALSE
	EndGlobalSection
	GlobalSection(ExtensibilityGlobals) = postSolution
		SolutionGuid = {C22DC7F5-2E8E-439A-A2A7-3E087151B1B6}
	EndGlobalSection
EndGlobal
